
Microsoft Visual Studio Solution File, Format Version 12.00
# Visual Studio Version 16
VisualStudioVersion = 16.0.31702.278
MinimumVisualStudioVersion = 10.0.40219.1
Project("{FAE04EC0-301F-11D3-BF4B-00C04F79EFBC}") = "ProjetConsole", "ProjetConsole\ProjetConsole.csproj", "{6612A75D-C262-450C-85D3-DA43E918B9C1}"
EndProject
Project("{FAE04EC0-301F-11D3-BF4B-00C04F79EFBC}") = "ProjetDLL", "ProjetDLL\ProjetDLL.csproj", "{D07F3EDE-5452-4A19-87AF-8DA90AC66CE4}"
EndProject
Project("{FAE04EC0-301F-11D3-BF4B-00C04F79EFBC}") = "TP_calculatrice", "TP_calculatrice\TP_calculatrice.csproj", "{9E6BF7CA-2D1E-4C00-970F-72ADCD220DF4}"
EndProject
Global
	GlobalSection(SolutionConfigurationPlatforms) = preSolution
		Debug|Any CPU = Debug|Any CPU
		Release|Any CPU = Release|Any CPU
	EndGlobalSection
	GlobalSection(ProjectConfigurationPlatforms) = postSolution
		{6612A75D-C262-450C-85D3-DA43E918B9C1}.Debug|Any CPU.ActiveCfg = Debug|Any CPU
		{6612A75D-C262-450C-85D3-DA43E918B9C1}.Debug|Any CPU.Build.0 = Debug|Any CPU
		{6612A75D-C262-450C-85D3-DA43E918B9C1}.Release|Any CPU.ActiveCfg = Release|Any CPU
		{6612A75D-C262-450C-85D3-DA43E918B9C1}.Release|Any CPU.Build.0 = Release|Any CPU
		{D07F3EDE-5452-4A19-87AF-8DA90AC66CE4}.Debug|Any CPU.ActiveCfg = Debug|Any CPU
		{D07F3EDE-5452-4A19-87AF-8DA90AC66CE4}.Debug|Any CPU.Build.0 = Debug|Any CPU
		{D07F3EDE-5452-4A19-87AF-8DA90AC66CE4}.Release|Any CPU.ActiveCfg = Release|Any CPU
		{D07F3EDE-5452-4A19-87AF-8DA90AC66CE4}.Release|Any CPU.Build.0 = Release|Any CPU
		{9E6BF7CA-2D1E-4C00-970F-72ADCD220DF4}.Debug|Any CPU.ActiveCfg = Debug|Any CPU
		{9E6BF7CA-2D1E-4C00-970F-72ADCD220DF4}.Debug|Any CPU.Build.0 = Debug|Any CPU
		{9E6BF7CA-2D1E-4C00-970F-72ADCD220DF4}.Release|Any CPU.ActiveCfg = Release|Any CPU
		{9E6BF7CA-2D1E-4C00-970F-72ADCD220DF4}.Release|Any CPU.Build.0 = Release|Any CPU
	EndGlobalSection
	GlobalSection(SolutionProperties) = preSolution
		HideSolutionNode = FALSE
	EndGlobalSection
	GlobalSection(ExtensibilityGlobals) = postSolution
		SolutionGuid = {0814C5D1-6829-4B49-A423-196F81D40E2D}
	EndGlobalSection
EndGlobal
